
Microsoft Visual Studio Solution File, Format Version 12.00
# Visual Studio Version 17
VisualStudioVersion = 17.5.33627.172
MinimumVisualStudioVersion = 10.0.40219.1
Project("{FAE04EC0-301F-11D3-BF4B-00C04F79EFBC}") = "Observer Pattern", "Observer Pattern.csproj", "{34E5C342-C755-4CA9-8143-DC17FBD8241A}"
EndProject
Project("{FAE04EC0-301F-11D3-BF4B-00C04F79EFBC}") = "UnitTest1", "..\UnitTest1\UnitTest1.csproj", "{057C16DC-D5DF-484E-A69B-9FF6ADCE2C3E}"
EndProject
Global
	GlobalSection(SolutionConfigurationPlatforms) = preSolution
		Debug|Any CPU = Debug|Any CPU
		Release|Any CPU = Release|Any CPU
	EndGlobalSection
	GlobalSection(ProjectConfigurationPlatforms) = postSolution
		{34E5C342-C755-4CA9-8143-DC17FBD8241A}.Debug|Any CPU.ActiveCfg = Debug|Any CPU
		{34E5C342-C755-4CA9-8143-DC17FBD8241A}.Debug|Any CPU.Build.0 = Debug|Any CPU
		{34E5C342-C755-4CA9-8143-DC17FBD8241A}.Release|Any CPU.ActiveCfg = Release|Any CPU
		{34E5C342-C755-4CA9-8143-DC17FBD8241A}.Release|Any CPU.Build.0 = Release|Any CPU
		{057C16DC-D5DF-484E-A69B-9FF6ADCE2C3E}.Debug|Any CPU.ActiveCfg = Debug|Any CPU
		{057C16DC-D5DF-484E-A69B-9FF6ADCE2C3E}.Debug|Any CPU.Build.0 = Debug|Any CPU
		{057C16DC-D5DF-484E-A69B-9FF6ADCE2C3E}.Release|Any CPU.ActiveCfg = Release|Any CPU
		{057C16DC-D5DF-484E-A69B-9FF6ADCE2C3E}.Release|Any CPU.Build.0 = Release|Any CPU
	EndGlobalSection
	GlobalSection(SolutionProperties) = preSolution
		HideSolutionNode = FALSE
	EndGlobalSection
	GlobalSection(ExtensibilityGlobals) = postSolution
		SolutionGuid = {0FE7C72C-70F2-4CF4-8CD8-C509AC957584}
	EndGlobalSection
EndGlobal
